
Microsoft Visual Studio Solution File, Format Version 12.00
# Visual Studio Version 17
VisualStudioVersion = 17.12.35521.163 d17.12
MinimumVisualStudioVersion = 10.0.40219.1
Project("{FAE04EC0-301F-11D3-BF4B-00C04F79EFBC}") = "LAB-1 Task Crud Operation", "LAB-1 Task Crud Operation.csproj", "{760EBDDC-792A-438B-9D95-5609AC2B372C}"
EndProject
Global
	GlobalSection(SolutionConfigurationPlatforms) = preSolution
		Debug|Any CPU = Debug|Any CPU
		Release|Any CPU = Release|Any CPU
	EndGlobalSection
	GlobalSection(ProjectConfigurationPlatforms) = postSolution
		{760EBDDC-792A-438B-9D95-5609AC2B372C}.Debug|Any CPU.ActiveCfg = Debug|Any CPU
		{760EBDDC-792A-438B-9D95-5609AC2B372C}.Debug|Any CPU.Build.0 = Debug|Any CPU
		{760EBDDC-792A-438B-9D95-5609AC2B372C}.Release|Any CPU.ActiveCfg = Release|Any CPU
		{760EBDDC-792A-438B-9D95-5609AC2B372C}.Release|Any CPU.Build.0 = Release|Any CPU
	EndGlobalSection
	GlobalSection(SolutionProperties) = preSolution
		HideSolutionNode = FALSE
	EndGlobalSection
EndGlobal
